
Microsoft Visual Studio Solution File, Format Version 12.00
# Visual Studio Version 17
VisualStudioVersion = 17.0.31903.59
MinimumVisualStudioVersion = 10.0.40219.1
Project("{FAE04EC0-301F-11D3-BF4B-00C04F79EFBC}") = "Norex.TwitterSelenium", "Norex.TwitterSelenium\Norex.TwitterSelenium.csproj", "{0FCEA7B8-4C6B-4C91-A0D8-809D8338D784}"
EndProject
Project("{FAE04EC0-301F-11D3-BF4B-00C04F79EFBC}") = "Norex.TwitterSelenium.Test", "Norex.TwitterSelenium.Test\Norex.TwitterSelenium.Test.csproj", "{58F90419-922E-480E-A533-0813FF3FEACC}"
EndProject
Global
	GlobalSection(SolutionConfigurationPlatforms) = preSolution
		Debug|Any CPU = Debug|Any CPU
		Release|Any CPU = Release|Any CPU
	EndGlobalSection
	GlobalSection(SolutionProperties) = preSolution
		HideSolutionNode = FALSE
	EndGlobalSection
	GlobalSection(ProjectConfigurationPlatforms) = postSolution
		{0FCEA7B8-4C6B-4C91-A0D8-809D8338D784}.Debug|Any CPU.ActiveCfg = Debug|Any CPU
		{0FCEA7B8-4C6B-4C91-A0D8-809D8338D784}.Debug|Any CPU.Build.0 = Debug|Any CPU
		{0FCEA7B8-4C6B-4C91-A0D8-809D8338D784}.Release|Any CPU.ActiveCfg = Release|Any CPU
		{0FCEA7B8-4C6B-4C91-A0D8-809D8338D784}.Release|Any CPU.Build.0 = Release|Any CPU
		{58F90419-922E-480E-A533-0813FF3FEACC}.Debug|Any CPU.ActiveCfg = Debug|Any CPU
		{58F90419-922E-480E-A533-0813FF3FEACC}.Debug|Any CPU.Build.0 = Debug|Any CPU
		{58F90419-922E-480E-A533-0813FF3FEACC}.Release|Any CPU.ActiveCfg = Release|Any CPU
		{58F90419-922E-480E-A533-0813FF3FEACC}.Release|Any CPU.Build.0 = Release|Any CPU
	EndGlobalSection
EndGlobal
